dependencies:
  78/esp-opus:
    component_hash: 8182b733f071d7bfe1e837f4c9f8649a63e4c937177f089e65772880c02f2e17
    dependencies:
    - name: idf
      require: private
      version: '>=5.0'
    source:
      registry_url: https://components.espressif.com
      type: service
    version: 1.0.5
  78/esp-opus-encoder:
    component_hash: b80e5b6d6dc4bf6b0bf1a3729f52b80500e9e6b1003b3e827b78ba738283a296
    dependencies:
    - name: 78/esp-opus
      registry_url: https://components.espressif.com
      require: private
      version: ^1.0.5
    - name: idf
      require: private
      version: '>=5.3'
    source:
      registry_url: https://components.espressif.com/
      type: service
    version: 2.4.1
  espressif/dl_fft:
    component_hash: a955ca29581de2177ddf25759273bd83f082b3c805e735fe6ee105858643989b
    dependencies:
    - name: idf
      require: private
      version: '>=5.0'
    source:
      registry_url: https://components.espressif.com
      type: service
    version: 0.6.0
  espressif/esp-dsp:
    component_hash: 619639efc18cfa361a9e423739b9b0ffc14991effc6c027f955c2f2c3bf1754b
    dependencies:
    - name: idf
      require: private
      version: '>=4.2'
    source:
      registry_url: https://components.espressif.com
      type: service
    version: 1.6.0
  espressif/esp-sr:
    component_hash: 12733d9b4aef5d5e295f35c4671835d605992d00583fcd2f8d21166f62c6b071
    dependencies:
    - name: espressif/dl_fft
      registry_url: https://components.espressif.com
      require: private
      version: '>=0.2.0'
    - name: espressif/esp-dsp
      registry_url: https://components.espressif.com
      require: private
      version: 1.6.0
    - name: idf
      require: private
      version: '>=5.0'
    source:
      registry_url: https://components.espressif.com/
      type: service
    version: 2.1.5
  espressif/esp_codec_dev:
    component_hash: 8a58569aed3c6e8d858da5419eba4d54ee905d7709cdbe01c42101c1ed0c5319
    dependencies:
    - name: idf
      require: private
      version: '>=4.0'
    source:
      registry_url: https://components.espressif.com/
      type: service
    version: 1.6.1
  espressif/esp_websocket_client:
    component_hash: 3fb288702517ef4d75bf933a115f1056ee0c2540d964f9e1d856e0bb67e1dfeb
    dependencies:
    - name: idf
      require: private
      version: '>=5.0'
    source:
      registry_url: https://components.espressif.com/
      type: service
    version: 1.7.0
  idf:
    source:
      type: idf
    version: 5.5.4
direct_dependencies:
- 78/esp-opus-encoder
- espressif/esp-sr
- espressif/esp_codec_dev
- espressif/esp_websocket_client
- idf
manifest_hash: f9f993139fff454fa9fe7a615d6eb74ffc1b4614578579349a58f66a7ea13924
target: esp32s3
version: 2.0.0
